
Microsoft Visual Studio Solution File, Format Version 12.00
# Visual Studio Version 16
VisualStudioVersion = 16.0.31729.503
MinimumVisualStudioVersion = 10.0.40219.1
Project("{9A19103F-16F7-4668-BE54-9A1E7A4F7556}") = "LibraryCms", "LibraryCms\LibraryCms.csproj", "{7955DC79-1A8D-4D2B-8109-642994FC5628}"
EndProject
Project("{9A19103F-16F7-4668-BE54-9A1E7A4F7556}") = "LibraryCmsShared", "LibraryCmsShared\LibraryCmsShared.csproj", "{7A9C4C7D-BCCA-4572-8F41-C770AB967AA5}"
EndProject
Global
	GlobalSection(SolutionConfigurationPlatforms) = preSolution
		Debug|Any CPU = Debug|Any CPU
		Release|Any CPU = Release|Any CPU
	EndGlobalSection
	GlobalSection(ProjectConfigurationPlatforms) = postSolution
		{7955DC79-1A8D-4D2B-8109-642994FC5628}.Debug|Any CPU.ActiveCfg = Debug|Any CPU
		{7955DC79-1A8D-4D2B-8109-642994FC5628}.Debug|Any CPU.Build.0 = Debug|Any CPU
		{7955DC79-1A8D-4D2B-8109-642994FC5628}.Release|Any CPU.ActiveCfg = Release|Any CPU
		{7955DC79-1A8D-4D2B-8109-642994FC5628}.Release|Any CPU.Build.0 = Release|Any CPU
		{7A9C4C7D-BCCA-4572-8F41-C770AB967AA5}.Debug|Any CPU.ActiveCfg = Debug|Any CPU
		{7A9C4C7D-BCCA-4572-8F41-C770AB967AA5}.Debug|Any CPU.Build.0 = Debug|Any CPU
		{7A9C4C7D-BCCA-4572-8F41-C770AB967AA5}.Release|Any CPU.ActiveCfg = Release|Any CPU
		{7A9C4C7D-BCCA-4572-8F41-C770AB967AA5}.Release|Any CPU.Build.0 = Release|Any CPU
	EndGlobalSection
	GlobalSection(SolutionProperties) = preSolution
		HideSolutionNode = FALSE
	EndGlobalSection
	GlobalSection(ExtensibilityGlobals) = postSolution
		SolutionGuid = {1CBE3AA9-1FA7-435E-9309-968C612E881E}
	EndGlobalSection
EndGlobal
